
Microsoft Visual Studio Solution File, Format Version 12.00
# Visual Studio Version 16
VisualStudioVersion = 16.0.29503.13
MinimumVisualStudioVersion = 10.0.40219.1
Project("{FAE04EC0-301F-11D3-BF4B-00C04F79EFBC}") = "APISupport", "APISupport.csproj", "{93EFC20D-C514-4C26-8AE2-52EE7799185B}"
EndProject
Global
	GlobalSection(SolutionConfigurationPlatforms) = preSolution
		Debug|Any CPU = Debug|Any CPU
		Release|Any CPU = Release|Any CPU
	EndGlobalSection
	GlobalSection(ProjectConfigurationPlatforms) = postSolution
		{93EFC20D-C514-4C26-8AE2-52EE7799185B}.Debug|Any CPU.ActiveCfg = Debug|Any CPU
		{93EFC20D-C514-4C26-8AE2-52EE7799185B}.Debug|Any CPU.Build.0 = Debug|Any CPU
		{93EFC20D-C514-4C26-8AE2-52EE7799185B}.Release|Any CPU.ActiveCfg = Release|Any CPU
		{93EFC20D-C514-4C26-8AE2-52EE7799185B}.Release|Any CPU.Build.0 = Release|Any CPU
	EndGlobalSection
	GlobalSection(SolutionProperties) = preSolution
		HideSolutionNode = FALSE
	EndGlobalSection
	GlobalSection(ExtensibilityGlobals) = postSolution
		SolutionGuid = {ECB26854-7F12-4238-84D0-5414297E1CF0}
	EndGlobalSection
EndGlobal
